<?xml version="1.0" encoding="utf-8"?>
<Project ToolsVersion="4.0" xmlns="http://schemas.microsoft.com/developer/msbuild/2003">
  <ItemGroup>
    <Filter Include="Source Files">
      <UniqueIdentifier>{4FC737F1-C7A5-4376-A066-2A32D752A2FF}</UniqueIdentifier>
      <Extensions>cpp;c;cc;cxx;def;odl;idl;hpj;bat;asm;asmx</Extensions>
    </Filter>
  </ItemGroup>
  <ItemGroup>
    <ClInclude Include="..\..\..\Sources\NodeUIEngine\NUIE_ViewBox.hpp">
      <Filter>Source Files</Filter>
    </ClInclude>
    <ClInclude Include="..\..\..\Sources\NodeUIEngine\NUIE_UndoHandler.hpp">
      <Filter>Source Files</Filter>
    </ClInclude>
    <ClInclude Include="..\..\..\Sources\NodeUIEngine\NUIE_UIOutputSlot.hpp">
      <Filter>Source Files</Filter>
    </ClInclude>
    <ClInclude Include="..\..\..\Sources\NodeUIEngine\NUIE_UINodeParameters.hpp">
      <Filter>Source Files</Filter>
    </ClInclude>
    <ClInclude Include="..\..\..\Sources\NodeUIEngine\NUIE_UINodeGroup.hpp">
      <Filter>Source Files</Filter>
    </ClInclude>
    <ClInclude Include="..\..\..\Sources\NodeUIEngine\NUIE_UINodeFeatureSet.hpp">
      <Filter>Source Files</Filter>
    </ClInclude>
    <ClInclude Include="..\..\..\Sources\NodeUIEngine\NUIE_UINodeCommonParameters.hpp">
      <Filter>Source Files</Filter>
    </ClInclude>
    <ClInclude Include="..\..\..\Sources\NodeUIEngine\NUIE_UINodeCommandStructure.hpp">
      <Filter>Source Files</Filter>
    </ClInclude>
    <ClInclude Include="..\..\..\Sources\NodeUIEngine\NUIE_UINodeCommandRegistration.hpp">
      <Filter>Source Files</Filter>
    </ClInclude>
    <ClInclude Include="..\..\..\Sources\NodeUIEngine\NUIE_UINode.hpp">
      <Filter>Source Files</Filter>
    </ClInclude>
    <ClInclude Include="..\..\..\Sources\NodeUIEngine\NUIE_UIItemFinder.hpp">
      <Filter>Source Files</Filter>
    </ClInclude>
    <ClInclude Include="..\..\..\Sources\NodeUIEngine\NUIE_UIInputSlot.hpp">
      <Filter>Source Files</Filter>
    </ClInclude>
    <ClInclude Include="..\..\..\Sources\NodeUIEngine\NUIE_UIEventHandlers.hpp">
      <Filter>Source Files</Filter>
    </ClInclude>
    <ClInclude Include="..\..\..\Sources\NodeUIEngine\NUIE_SvgDrawingContext.hpp">
      <Filter>Source Files</Filter>
    </ClInclude>
    <ClInclude Include="..\..\..\Sources\NodeUIEngine\NUIE_SkinParams.hpp">
      <Filter>Source Files</Filter>
    </ClInclude>
    <ClInclude Include="..\..\..\Sources\NodeUIEngine\NUIE_ParameterInterface.hpp">
      <Filter>Source Files</Filter>
    </ClInclude>
    <ClInclude Include="..\..\..\Sources\NodeUIEngine\NUIE_NodeUIPanelDrawer.hpp">
      <Filter>Source Files</Filter>
    </ClInclude>
    <ClInclude Include="..\..\..\Sources\NodeUIEngine\NUIE_NodeUIManagerDrawer.hpp">
      <Filter>Source Files</Filter>
    </ClInclude>
    <ClInclude Include="..\..\..\Sources\NodeUIEngine\NUIE_NodeUIManager.hpp">
      <Filter>Source Files</Filter>
    </ClInclude>
    <ClInclude Include="..\..\..\Sources\NodeUIEngine\NUIE_NodeUIInteractionHandler.hpp">
      <Filter>Source Files</Filter>
    </ClInclude>
    <ClInclude Include="..\..\..\Sources\NodeUIEngine\NUIE_NodeUIEnvironment.hpp">
      <Filter>Source Files</Filter>
    </ClInclude>
    <ClInclude Include="..\..\..\Sources\NodeUIEngine\NUIE_NodeEditor.hpp">
      <Filter>Source Files</Filter>
    </ClInclude>
    <ClInclude Include="..\..\..\Sources\NodeUIEngine\NUIE_NodeDrawingModifier.hpp">
      <Filter>Source Files</Filter>
    </ClInclude>
    <ClInclude Include="..\..\..\Sources\NodeUIEngine\NUIE_NodeDrawingImage.hpp">
      <Filter>Source Files</Filter>
    </ClInclude>
    <ClInclude Include="..\..\..\Sources\NodeUIEngine\NUIE_InputEventHandler.hpp">
      <Filter>Source Files</Filter>
    </ClInclude>
    <ClInclude Include="..\..\..\Sources\NodeUIEngine\NUIE_Geometry.hpp">
      <Filter>Source Files</Filter>
    </ClInclude>
    <ClInclude Include="..\..\..\Sources\NodeUIEngine\NUIE_EventHandlers.hpp">
      <Filter>Source Files</Filter>
    </ClInclude>
    <ClInclude Include="..\..\..\Sources\NodeUIEngine\NUIE_DrawingImage.hpp">
      <Filter>Source Files</Filter>
    </ClInclude>
    <ClInclude Include="..\..\..\Sources\NodeUIEngine\NUIE_DrawingContext.hpp">
      <Filter>Source Files</Filter>
    </ClInclude>
    <ClInclude Include="..\..\..\Sources\NodeUIEngine\NUIE_Drawing.hpp">
      <Filter>Source Files</Filter>
    </ClInclude>
    <ClInclude Include="..\..\..\Sources\NodeUIEngine\NUIE_CopyPasteHandler.hpp">
      <Filter>Source Files</Filter>
    </ClInclude>
    <ClInclude Include="..\..\..\Sources\NodeUIEngine\NUIE_ContextDecorators.hpp">
      <Filter>Source Files</Filter>
    </ClInclude>
    <ClInclude Include="..\..\..\Sources\NodeUIEngine\NUIE_CommandStructure.hpp">
      <Filter>Source Files</Filter>
    </ClInclude>
  </ItemGroup>
  <ItemGroup>
    <ClCompile Include="..\..\..\Sources\NodeUIEngine\NUIE_ViewBox.cpp">
      <Filter>Source Files</Filter>
    </ClCompile>
    <ClCompile Include="..\..\..\Sources\NodeUIEngine\NUIE_UndoHandler.cpp">
      <Filter>Source Files</Filter>
    </ClCompile>
    <ClCompile Include="..\..\..\Sources\NodeUIEngine\NUIE_UIOutputSlot.cpp">
      <Filter>Source Files</Filter>
    </ClCompile>
    <ClCompile Include="..\..\..\Sources\NodeUIEngine\NUIE_UINodeParameters.cpp">
      <Filter>Source Files</Filter>
    </ClCompile>
    <ClCompile Include="..\..\..\Sources\NodeUIEngine\NUIE_UINodeGroup.cpp">
      <Filter>Source Files</Filter>
    </ClCompile>
    <ClCompile Include="..\..\..\Sources\NodeUIEngine\NUIE_UINodeFeatureSet.cpp">
      <Filter>Source Files</Filter>
    </ClCompile>
    <ClCompile Include="..\..\..\Sources\NodeUIEngine\NUIE_UINodeCommandStructure.cpp">
      <Filter>Source Files</Filter>
    </ClCompile>
    <ClCompile Include="..\..\..\Sources\NodeUIEngine\NUIE_UINodeCommandRegistration.cpp">
      <Filter>Source Files</Filter>
    </ClCompile>
    <ClCompile Include="..\..\..\Sources\NodeUIEngine\NUIE_UINode.cpp">
      <Filter>Source Files</Filter>
    </ClCompile>
    <ClCompile Include="..\..\..\Sources\NodeUIEngine\NUIE_UIItemFinder.cpp">
      <Filter>Source Files</Filter>
    </ClCompile>
    <ClCompile Include="..\..\..\Sources\NodeUIEngine\NUIE_UIInputSlot.cpp">
      <Filter>Source Files</Filter>
    </ClCompile>
    <ClCompile Include="..\..\..\Sources\NodeUIEngine\NUIE_UIEventHandlers.cpp">
      <Filter>Source Files</Filter>
    </ClCompile>
    <ClCompile Include="..\..\..\Sources\NodeUIEngine\NUIE_SvgDrawingContext.cpp">
      <Filter>Source Files</Filter>
    </ClCompile>
    <ClCompile Include="..\..\..\Sources\NodeUIEngine\NUIE_SkinParams.cpp">
      <Filter>Source Files</Filter>
    </ClCompile>
    <ClCompile Include="..\..\..\Sources\NodeUIEngine\NUIE_ParameterInterface.cpp">
      <Filter>Source Files</Filter>
    </ClCompile>
    <ClCompile Include="..\..\..\Sources\NodeUIEngine\NUIE_NodeUIPanelDrawer.cpp">
      <Filter>Source Files</Filter>
    </ClCompile>
    <ClCompile Include="..\..\..\Sources\NodeUIEngine\NUIE_NodeUIManagerDrawer.cpp">
      <Filter>Source Files</Filter>
    </ClCompile>
    <ClCompile Include="..\..\..\Sources\NodeUIEngine\NUIE_NodeUIManager.cpp">
      <Filter>Source Files</Filter>
    </ClCompile>
    <ClCompile Include="..\..\..\Sources\NodeUIEngine\NUIE_NodeUIInteractionHandler.cpp">
      <Filter>Source Files</Filter>
    </ClCompile>
    <ClCompile Include="..\..\..\Sources\NodeUIEngine\NUIE_NodeUIEnvironment.cpp">
      <Filter>Source Files</Filter>
    </ClCompile>
    <ClCompile Include="..\..\..\Sources\NodeUIEngine\NUIE_NodeEditor.cpp">
      <Filter>Source Files</Filter>
    </ClCompile>
    <ClCompile Include="..\..\..\Sources\NodeUIEngine\NUIE_NodeDrawingModifier.cpp">
      <Filter>Source Files</Filter>
    </ClCompile>
    <ClCompile Include="..\..\..\Sources\NodeUIEngine\NUIE_NodeDrawingImage.cpp">
      <Filter>Source Files</Filter>
    </ClCompile>
    <ClCompile Include="..\..\..\Sources\NodeUIEngine\NUIE_InputEventHandler.cpp">
      <Filter>Source Files</Filter>
    </ClCompile>
    <ClCompile Include="..\..\..\Sources\NodeUIEngine\NUIE_Geometry.cpp">
      <Filter>Source Files</Filter>
    </ClCompile>
    <ClCompile Include="..\..\..\Sources\NodeUIEngine\NUIE_EventHandlers.cpp">
      <Filter>Source Files</Filter>
    </ClCompile>
    <ClCompile Include="..\..\..\Sources\NodeUIEngine\NUIE_DrawingImage.cpp">
      <Filter>Source Files</Filter>
    </ClCompile>
    <ClCompile Include="..\..\..\Sources\NodeUIEngine\NUIE_DrawingContext.cpp">
      <Filter>Source Files</Filter>
    </ClCompile>
    <ClCompile Include="..\..\..\Sources\NodeUIEngine\NUIE_Drawing.cpp">
      <Filter>Source Files</Filter>
    </ClCompile>
    <ClCompile Include="..\..\..\Sources\NodeUIEngine\NUIE_CopyPasteHandler.cpp">
      <Filter>Source Files</Filter>
    </ClCompile>
    <ClCompile Include="..\..\..\Sources\NodeUIEngine\NUIE_ContextDecorators.cpp">
      <Filter>Source Files</Filter>
    </ClCompile>
    <ClCompile Include="..\..\..\Sources\NodeUIEngine\NUIE_CommandStructure.cpp">
      <Filter>Source Files</Filter>
    </ClCompile>
  </ItemGroup>
</Project>